
Microsoft Visual Studio Solution File, Format Version 12.00
# Visual Studio Version 16
VisualStudioVersion = 16.0.30804.86
MinimumVisualStudioVersion = 10.0.40219.1
Project("{FAE04EC0-301F-11D3-BF4B-00C04F79EFBC}") = "OnlineStudySample.Server", "OnlineStudySample\Server\OnlineStudySample.Server.csproj", "{1F3584A2-740F-429B-95C3-A030CED5EEC8}"
EndProject
Project("{FAE04EC0-301F-11D3-BF4B-00C04F79EFBC}") = "OnlineStudySample.Client", "OnlineStudySample\Client\OnlineStudySample.Client.csproj", "{9145821C-ADF3-4881-8204-3AD4A8ED14A4}"
EndProject
Project("{FAE04EC0-301F-11D3-BF4B-00C04F79EFBC}") = "OnlineStudySample.Shared", "OnlineStudySample\Shared\OnlineStudySample.Shared.csproj", "{F676EACD-7EA5-4DF0-8C03-2D93BD850AEA}"
EndProject
Global
	GlobalSection(SolutionConfigurationPlatforms) = preSolution
		Debug|Any CPU = Debug|Any CPU
		Release|Any CPU = Release|Any CPU
	EndGlobalSection
	GlobalSection(ProjectConfigurationPlatforms) = postSolution
		{1F3584A2-740F-429B-95C3-A030CED5EEC8}.Debug|Any CPU.ActiveCfg = Debug|Any CPU
		{1F3584A2-740F-429B-95C3-A030CED5EEC8}.Debug|Any CPU.Build.0 = Debug|Any CPU
		{1F3584A2-740F-429B-95C3-A030CED5EEC8}.Release|Any CPU.ActiveCfg = Release|Any CPU
		{1F3584A2-740F-429B-95C3-A030CED5EEC8}.Release|Any CPU.Build.0 = Release|Any CPU
		{9145821C-ADF3-4881-8204-3AD4A8ED14A4}.Debug|Any CPU.ActiveCfg = Debug|Any CPU
		{9145821C-ADF3-4881-8204-3AD4A8ED14A4}.Debug|Any CPU.Build.0 = Debug|Any CPU
		{9145821C-ADF3-4881-8204-3AD4A8ED14A4}.Release|Any CPU.ActiveCfg = Release|Any CPU
		{9145821C-ADF3-4881-8204-3AD4A8ED14A4}.Release|Any CPU.Build.0 = Release|Any CPU
		{F676EACD-7EA5-4DF0-8C03-2D93BD850AEA}.Debug|Any CPU.ActiveCfg = Debug|Any CPU
		{F676EACD-7EA5-4DF0-8C03-2D93BD850AEA}.Debug|Any CPU.Build.0 = Debug|Any CPU
		{F676EACD-7EA5-4DF0-8C03-2D93BD850AEA}.Release|Any CPU.ActiveCfg = Release|Any CPU
		{F676EACD-7EA5-4DF0-8C03-2D93BD850AEA}.Release|Any CPU.Build.0 = Release|Any CPU
	EndGlobalSection
	GlobalSection(SolutionProperties) = preSolution
		HideSolutionNode = FALSE
	EndGlobalSection
	GlobalSection(ExtensibilityGlobals) = postSolution
		SolutionGuid = {248A1358-DB28-4C87-9289-E4B59D045E5F}
	EndGlobalSection
EndGlobal
